
Microsoft Visual Studio Solution File, Format Version 12.00
# Visual Studio Version 16
VisualStudioVersion = 16.0.32602.291
MinimumVisualStudioVersion = 10.0.40219.1
Project("{FAE04EC0-301F-11D3-BF4B-00C04F79EFBC}") = "Katswiri", "Katswiri.csproj", "{3B12880F-1971-488C-950F-6ABDC8FC9CEC}"
EndProject
Global
	GlobalSection(SolutionConfigurationPlatforms) = preSolution
		Debug|Any CPU = Debug|Any CPU
		Release|Any CPU = Release|Any CPU
	EndGlobalSection
	GlobalSection(ProjectConfigurationPlatforms) = postSolution
		{3B12880F-1971-488C-950F-6ABDC8FC9CEC}.Debug|Any CPU.ActiveCfg = Debug|Any CPU
		{3B12880F-1971-488C-950F-6ABDC8FC9CEC}.Debug|Any CPU.Build.0 = Debug|Any CPU
		{3B12880F-1971-488C-950F-6ABDC8FC9CEC}.Release|Any CPU.ActiveCfg = Release|Any CPU
		{3B12880F-1971-488C-950F-6ABDC8FC9CEC}.Release|Any CPU.Build.0 = Release|Any CPU
	EndGlobalSection
	GlobalSection(SolutionProperties) = preSolution
		HideSolutionNode = FALSE
	EndGlobalSection
	GlobalSection(ExtensibilityGlobals) = postSolution
		SolutionGuid = {FCE69358-E308-41FC-B1DA-F2F0A69DA5FD}
	EndGlobalSection
EndGlobal
